
Microsoft Visual Studio Solution File, Format Version 12.00
# Visual Studio Version 16
VisualStudioVersion = 16.0.30128.74
MinimumVisualStudioVersion = 10.0.40219.1
Project("{9A19103F-16F7-4668-BE54-9A1E7A4F7556}") = "BillingEngine", "BillingEngine.csproj", "{C9A5C937-4F27-4F8B-9F87-E9D661D70377}"
EndProject
Project("{2150E333-8FDC-42A3-9474-1A3956D46DE8}") = "IRepository", "IRepository", "{3ABF37AC-E895-4008-B322-0FCB2AFF18EF}"
	ProjectSection(SolutionItems) = preProject
		IRepository.cs = IRepository.cs
	EndProjectSection
EndProject
Project("{2150E333-8FDC-42A3-9474-1A3956D46DE8}") = "Repository", "Repository", "{2E19B6E6-660D-4A93-A499-6A1602A05A0B}"
	ProjectSection(SolutionItems) = preProject
		Repository.cs = Repository.cs
	EndProjectSection
EndProject
Project("{2150E333-8FDC-42A3-9474-1A3956D46DE8}") = "Entity", "Entity", "{5ED895F7-D805-4B93-893E-18F196510636}"
	ProjectSection(SolutionItems) = preProject
		InMemoryDatabase.cs = InMemoryDatabase.cs
	EndProjectSection
EndProject
Project("{FAE04EC0-301F-11D3-BF4B-00C04F79EFBC}") = "XUnitTestBillingEngine", "..\XUnitTestBillingEngine\XUnitTestBillingEngine.csproj", "{301A6CA2-F7A3-4D44-BAB2-5F288E32FAAF}"
EndProject
Global
	GlobalSection(SolutionConfigurationPlatforms) = preSolution
		Debug|Any CPU = Debug|Any CPU
		Release|Any CPU = Release|Any CPU
	EndGlobalSection
	GlobalSection(ProjectConfigurationPlatforms) = postSolution
		{C9A5C937-4F27-4F8B-9F87-E9D661D70377}.Debug|Any CPU.ActiveCfg = Debug|Any CPU
		{C9A5C937-4F27-4F8B-9F87-E9D661D70377}.Debug|Any CPU.Build.0 = Debug|Any CPU
		{C9A5C937-4F27-4F8B-9F87-E9D661D70377}.Release|Any CPU.ActiveCfg = Release|Any CPU
		{C9A5C937-4F27-4F8B-9F87-E9D661D70377}.Release|Any CPU.Build.0 = Release|Any CPU
		{301A6CA2-F7A3-4D44-BAB2-5F288E32FAAF}.Debug|Any CPU.ActiveCfg = Debug|Any CPU
		{301A6CA2-F7A3-4D44-BAB2-5F288E32FAAF}.Debug|Any CPU.Build.0 = Debug|Any CPU
		{301A6CA2-F7A3-4D44-BAB2-5F288E32FAAF}.Release|Any CPU.ActiveCfg = Release|Any CPU
		{301A6CA2-F7A3-4D44-BAB2-5F288E32FAAF}.Release|Any CPU.Build.0 = Release|Any CPU
	EndGlobalSection
	GlobalSection(SolutionProperties) = preSolution
		HideSolutionNode = FALSE
	EndGlobalSection
	GlobalSection(ExtensibilityGlobals) = postSolution
		SolutionGuid = {5C45CCF4-13DA-48AC-8677-B461DB4E91E8}
	EndGlobalSection
EndGlobal
